// !$*UTF8*$!
{
	archiveVersion = 1;
	classes = {
	};
	objectVersion = 46;
	objects = {

/* Begin PBXBuildFile section */
		976447DA1E724A2C000A0ACD /* main.m in Sources */ = {isa = PBXBuildFile; fileRef = 976447D91E724A2C000A0ACD /* main.m */; };
		976447DD1E724A2C000A0ACD /* AppDelegate.m in Sources */ = {isa = PBXBuildFile; fileRef = 976447DC1E724A2C000A0ACD /* AppDelegate.m */; };
		976447E01E724A2C000A0ACD /* ViewController.m in Sources */ = {isa = PBXBuildFile; fileRef = 976447DF1E724A2C000A0ACD /* ViewController.m */; };
		976447E31E724A2C000A0ACD /* Main.storyboard in Resources */ = {isa = PBXBuildFile; fileRef = 976447E11E724A2C000A0ACD /* Main.storyboard */; };
		976447E51E724A2C000A0ACD /* Assets.xcassets in Resources */ = {isa = PBXBuildFile; fileRef = 976447E41E724A2C000A0ACD /* Assets.xcassets */; };
		976447E81E724A2C000A0ACD /* LaunchScreen.storyboard in Resources */ = {isa = PBXBuildFile; fileRef = 976447E61E724A2C000A0ACD /* LaunchScreen.storyboard */; };
		976447F31E724A2C000A0ACD /* xcodeServerTests.m in Sources */ = {isa = PBXBuildFile; fileRef = 976447F21E724A2C000A0ACD /* xcodeServerTests.m */; };
		976447FE1E724A2C000A0ACD /* xcodeServerUITests.m in Sources */ = {isa = PBXBuildFile; fileRef = 976447FD1E724A2C000A0ACD /* xcodeServerUITests.m */; };
/* End PBXBuildFile section */

/* Begin PBXContainerItemProxy section */
		976447EF1E724A2C000A0ACD /* PBXContainerItemProxy */ = {
			isa = PBXContainerItemProxy;
			containerPortal = 976447CD1E724A2C000A0ACD /* Project object */;
			proxyType = 1;
			remoteGlobalIDString = 976447D41E724A2C000A0ACD;
			remoteInfo = xcodeServer;
		};
		976447FA1E724A2C000A0ACD /* PBXContainerItemProxy */ = {
			isa = PBXContainerItemProxy;
			containerPortal = 976447CD1E724A2C000A0ACD /* Project object */;
			proxyType = 1;
			remoteGlobalIDString = 976447D41E724A2C000A0ACD;
			remoteInfo = xcodeServer;
		};
/* End PBXContainerItemProxy section */

/* Begin PBXFileReference section */
		976447D51E724A2C000A0ACD /* xcodeServer.app */ = {isa = PBXFileReference; explicitFileType = wrapper.application; includeInIndex = 0; path = xcodeServer.app; sourceTree = BUILT_PRODUCTS_DIR; };
		976447D91E724A2C000A0ACD /* main.m */ = {isa = PBXFileReference; lastKnownFileType = sourcecode.c.objc; path = main.m; sourceTree = "<group>"; };
		976447DB1E724A2C000A0ACD /* AppDelegate.h */ = {isa = PBXFileReference; lastKnownFileType = sourcecode.c.h; path = AppDelegate.h; sourceTree = "<group>"; };
		976447DC1E724A2C000A0ACD /* AppDelegate.m */ = {isa = PBXFileReference; lastKnownFileType = sourcecode.c.objc; path = AppDelegate.m; sourceTree = "<group>"; };
		976447DE1E724A2C000A0ACD /* ViewController.h */ = {isa = PBXFileReference; lastKnownFileType = sourcecode.c.h; path = ViewController.h; sourceTree = "<group>"; };
		976447DF1E724A2C000A0ACD /* ViewController.m */ = {isa = PBXFileReference; lastKnownFileType = sourcecode.c.objc; path = ViewController.m; sourceTree = "<group>"; };
		976447E21E724A2C000A0ACD /* Base */ = {isa = PBXFileReference; lastKnownFileType = file.storyboard; name = Base; path = Base.lproj/Main.storyboard; sourceTree = "<group>"; };
		976447E41E724A2C000A0ACD /* Assets.xcassets */ = {isa = PBXFileReference; lastKnownFileType = folder.assetcatalog; path = Assets.xcassets; sourceTree = "<group>"; };
		976447E71E724A2C000A0ACD /* Base */ = {isa = PBXFileReference; lastKnownFileType = file.storyboard; name = Base; path = Base.lproj/LaunchScreen.storyboard; sourceTree = "<group>"; };
		976447E91E724A2C000A0ACD /* Info.plist */ = {isa = PBXFileReference; lastKnownFileType = text.plist.xml; path = Info.plist; sourceTree = "<group>"; };
		976447EE1E724A2C000A0ACD /* xcodeServerTests.xctest */ = {isa = PBXFileReference; explicitFileType = wrapper.cfbundle; includeInIndex = 0; path = xcodeServerTests.xctest; sourceTree = BUILT_PRODUCTS_DIR; };
		976447F21E724A2C000A0ACD /* xcodeServerTests.m */ = {isa = PBXFileReference; lastKnownFileType = sourcecode.c.objc; path = xcodeServerTests.m; sourceTree = "<group>"; };
		976447F41E724A2C000A0ACD /* Info.plist */ = {isa = PBXFileReference; lastKnownFileType = text.plist.xml; path = Info.plist; sourceTree = "<group>"; };
		976447F91E724A2C000A0ACD /* xcodeServerUITests.xctest */ = {isa = PBXFileReference; explicitFileType = wrapper.cfbundle; includeInIndex = 0; path = xcodeServerUITests.xctest; sourceTree = BUILT_PRODUCTS_DIR; };
		976447FD1E724A2C000A0ACD /* xcodeServerUITests.m */ = {isa = PBXFileReference; lastKnownFileType = sourcecode.c.objc; path = xcodeServerUITests.m; sourceTree = "<group>"; };
		976447FF1E724A2C000A0ACD /* Info.plist */ = {isa = PBXFileReference; lastKnownFileType = text.plist.xml; path = Info.plist; sourceTree = "<group>"; };
/* End PBXFileReference section */

/* Begin PBXFrameworksBuildPhase section */
		976447D21E724A2C000A0ACD /* Frameworks */ = {
			isa = PBXFrameworksBuildPhase;
			buildActionMask = 2147483647;
			files = (
			);
			runOnlyForDeploymentPostprocessing = 0;
		};
		976447EB1E724A2C000A0ACD /* Frameworks */ = {
			isa = PBXFrameworksBuildPhase;
			buildActionMask = 2147483647;
			files = (
			);
			runOnlyForDeploymentPostprocessing = 0;
		};
		976447F61E724A2C000A0ACD /* Frameworks */ = {
			isa = PBXFrameworksBuildPhase;
			buildActionMask = 2147483647;
			files = (
			);
			runOnlyForDeploymentPostprocessing = 0;
		};
/* End PBXFrameworksBuildPhase section */

/* Begin PBXGroup section */
		976447CC1E724A2C000A0ACD = {
			isa = PBXGroup;
			children = (
				976447D71E724A2C000A0ACD /* xcodeServer */,
				976447F11E724A2C000A0ACD /* xcodeServerTests */,
				976447FC1E724A2C000A0ACD /* xcodeServerUITests */,
				976447D61E724A2C000A0ACD /* Products */,
			);
			sourceTree = "<group>";
		};
		976447D61E724A2C000A0ACD /* Products */ = {
			isa = PBXGroup;
			children = (
				976447D51E724A2C000A0ACD /* xcodeServer.app */,
				976447EE1E724A2C000A0ACD /* xcodeServerTests.xctest */,
				976447F91E724A2C000A0ACD /* xcodeServerUITests.xctest */,
			);
			name = Products;
			sourceTree = "<group>";
		};
		976447D71E724A2C000A0ACD /* xcodeServer */ = {
			isa = PBXGroup;
			children = (
				976447DB1E724A2C000A0ACD /* AppDelegate.h */,
				976447DC1E724A2C000A0ACD /* AppDelegate.m */,
				976447DE1E724A2C000A0ACD /* ViewController.h */,
				976447DF1E724A2C000A0ACD /* ViewController.m */,
				976447E11E724A2C000A0ACD /* Main.storyboard */,
				976447E41E724A2C000A0ACD /* Assets.xcassets */,
				976447E61E724A2C000A0ACD /* LaunchScreen.storyboard */,
				976447E91E724A2C000A0ACD /* Info.plist */,
				976447D81E724A2C000A0ACD /* Supporting Files */,
			);
			path = xcodeServer;
			sourceTree = "<group>";
		};
		976447D81E724A2C000A0ACD /* Supporting Files */ = {
			isa = PBXGroup;
			children = (
				976447D91E724A2C000A0ACD /* main.m */,
			);
			name = "Supporting Files";
			sourceTree = "<group>";
		};
		976447F11E724A2C000A0ACD /* xcodeServerTests */ = {
			isa = PBXGroup;
			children = (
				976447F21E724A2C000A0ACD /* xcodeServerTests.m */,
				976447F41E724A2C000A0ACD /* Info.plist */,
			);
			path = xcodeServerTests;
			sourceTree = "<group>";
		};
		976447FC1E724A2C000A0ACD /* xcodeServerUITests */ = {
			isa = PBXGroup;
			children = (
				976447FD1E724A2C000A0ACD /* xcodeServerUITests.m */,
				976447FF1E724A2C000A0ACD /* Info.plist */,
			);
			path = xcodeServerUITests;
			sourceTree = "<group>";
		};
/* End PBXGroup section */

/* Begin PBXNativeTarget section */
		976447D41E724A2C000A0ACD /* xcodeServer */ = {
			isa = PBXNativeTarget;
			buildConfigurationList = 976448021E724A2C000A0ACD /* Build configuration list for PBXNativeTarget "xcodeServer" */;
			buildPhases = (
				976447D11E724A2C000A0ACD /* Sources */,
				976447D21E724A2C000A0ACD /* Frameworks */,
				976447D31E724A2C000A0ACD /* Resources */,
			);
			buildRules = (
			);
			dependencies = (
			);
			name = xcodeServer;
			productName = xcodeServer;
			productReference = 976447D51E724A2C000A0ACD /* xcodeServer.app */;
			productType = "com.apple.product-type.application";
		};
		976447ED1E724A2C000A0ACD /* xcodeServerTests */ = {
			isa = PBXNativeTarget;
			buildConfigurationList = 976448051E724A2C000A0ACD /* Build configuration list for PBXNativeTarget "xcodeServerTests" */;
			buildPhases = (
				976447EA1E724A2C000A0ACD /* Sources */,
				976447EB1E724A2C000A0ACD /* Frameworks */,
				976447EC1E724A2C000A0ACD /* Resources */,
			);
			buildRules = (
			);
			dependencies = (
				976447F01E724A2C000A0ACD /* PBXTargetDependency */,
			);
			name = xcodeServerTests;
			productName = xcodeServerTests;
			productReference = 976447EE1E724A2C000A0ACD /* xcodeServerTests.xctest */;
			productType = "com.apple.product-type.bundle.unit-test";
		};
		976447F81E724A2C000A0ACD /* xcodeServerUITests */ = {
			isa = PBXNativeTarget;
			buildConfigurationList = 976448081E724A2C000A0ACD /* Build configuration list for PBXNativeTarget "xcodeServerUITests" */;
			buildPhases = (
				976447F51E724A2C000A0ACD /* Sources */,
				976447F61E724A2C000A0ACD /* Frameworks */,
				976447F71E724A2C000A0ACD /* Resources */,
			);
			buildRules = (
			);
			dependencies = (
				976447FB1E724A2C000A0ACD /* PBXTargetDependency */,
			);
			name = xcodeServerUITests;
			productName = xcodeServerUITests;
			productReference = 976447F91E724A2C000A0ACD /* xcodeServerUITests.xctest */;
			productType = "com.apple.product-type.bundle.ui-testing";
		};
/* End PBXNativeTarget section */

/* Begin PBXProject section */
		976447CD1E724A2C000A0ACD /* Project object */ = {
			isa = PBXProject;
			attributes = {
				LastUpgradeCheck = 0820;
				ORGANIZATIONNAME = yuan;
				TargetAttributes = {
					976447D41E724A2C000A0ACD = {
						CreatedOnToolsVersion = 8.2.1;
						DevelopmentTeam = 64X573A3QQ;
						ProvisioningStyle = Automatic;
					};
					976447ED1E724A2C000A0ACD = {
						CreatedOnToolsVersion = 8.2.1;
						DevelopmentTeam = 64X573A3QQ;
						ProvisioningStyle = Automatic;
						TestTargetID = 976447D41E724A2C000A0ACD;
					};
					976447F81E724A2C000A0ACD = {
						CreatedOnToolsVersion = 8.2.1;
						DevelopmentTeam = 64X573A3QQ;
						ProvisioningStyle = Automatic;
						TestTargetID = 976447D41E724A2C000A0ACD;
					};
				};
			};
			buildConfigurationList = 976447D01E724A2C000A0ACD /* Build configuration list for PBXProject "xcodeServer" */;
			compatibilityVersion = "Xcode 3.2";
			developmentRegion = English;
			hasScannedForEncodings = 0;
			knownRegions = (
				en,
				Base,
			);
			mainGroup = 976447CC1E724A2C000A0ACD;
			productRefGroup = 976447D61E724A2C000A0ACD /* Products */;
			projectDirPath = "";
			projectRoot = "";
			targets = (
				976447D41E724A2C000A0ACD /* xcodeServer */,
				976447ED1E724A2C000A0ACD /* xcodeServerTests */,
				976447F81E724A2C000A0ACD /* xcodeServerUITests */,
			);
		};
/* End PBXProject section */

/* Begin PBXResourcesBuildPhase section */
		976447D31E724A2C000A0ACD /* Resources */ = {
			isa = PBXResourcesBuildPhase;
			buildActionMask = 2147483647;
			files = (
				976447E81E724A2C000A0ACD /* LaunchScreen.storyboard in Resources */,
				976447E51E724A2C000A0ACD /* Assets.xcassets in Resources */,
				976447E31E724A2C000A0ACD /* Main.storyboard in Resources */,
			);
			runOnlyForDeploymentPostprocessing = 0;
		};
		976447EC1E724A2C000A0ACD /* Resources */ = {
			isa = PBXResourcesBuildPhase;
			buildActionMask = 2147483647;
			files = (
			);
			runOnlyForDeploymentPostprocessing = 0;
		};
		976447F71E724A2C000A0ACD /* Resources */ = {
			isa = PBXResourcesBuildPhase;
			buildActionMask = 2147483647;
			files = (
			);
			runOnlyForDeploymentPostprocessing = 0;
		};
/* End PBXResourcesBuildPhase section */

/* Begin PBXSourcesBuildPhase section */
		976447D11E724A2C000A0ACD /* Sources */ = {
			isa = PBXSourcesBuildPhase;
			buildActionMask = 2147483647;
			files = (
				976447E01E724A2C000A0ACD /* ViewController.m in Sources */,
				976447DD1E724A2C000A0ACD /* AppDelegate.m in Sources */,
				976447DA1E724A2C000A0ACD /* main.m in Sources */,
			);
			runOnlyForDeploymentPostprocessing = 0;
		};
		976447EA1E724A2C000A0ACD /* Sources */ = {
			isa = PBXSourcesBuildPhase;
			buildActionMask = 2147483647;
			files = (
				976447F31E724A2C000A0ACD /* xcodeServerTests.m in Sources */,
			);
			runOnlyForDeploymentPostprocessing = 0;
		};
		976447F51E724A2C000A0ACD /* Sources */ = {
			isa = PBXSourcesBuildPhase;
			buildActionMask = 2147483647;
			files = (
				976447FE1E724A2C000A0ACD /* xcodeServerUITests.m in Sources */,
			);
			runOnlyForDeploymentPostprocessing = 0;
		};
/* End PBXSourcesBuildPhase section */

/* Begin PBXTargetDependency section */
		976447F01E724A2C000A0ACD /* PBXTargetDependency */ = {
			isa = PBXTargetDependency;
			target = 976447D41E724A2C000A0ACD /* xcodeServer */;
			targetProxy = 976447EF1E724A2C000A0ACD /* PBXContainerItemProxy */;
		};
		976447FB1E724A2C000A0ACD /* PBXTargetDependency */ = {
			isa = PBXTargetDependency;
			target = 976447D41E724A2C000A0ACD /* xcodeServer */;
			targetProxy = 976447FA1E724A2C000A0ACD /* PBXContainerItemProxy */;
		};
/* End PBXTargetDependency section */

/* Begin PBXVariantGroup section */
		976447E11E724A2C000A0ACD /* Main.storyboard */ = {
			isa = PBXVariantGroup;
			children = (
				976447E21E724A2C000A0ACD /* Base */,
			);
			name = Main.storyboard;
			sourceTree = "<group>";
		};
		976447E61E724A2C000A0ACD /* LaunchScreen.storyboard */ = {
			isa = PBXVariantGroup;
			children = (
				976447E71E724A2C000A0ACD /* Base */,
			);
			name = LaunchScreen.storyboard;
			sourceTree = "<group>";
		};
/* End PBXVariantGroup section */

/* Begin XCBuildConfiguration section */
		976448001E724A2C000A0ACD /* Debug */ = {
			isa = XCBuildConfiguration;
			buildSettings = {
				ALWAYS_SEARCH_USER_PATHS = NO;
				CLANG_ANALYZER_NONNULL = YES;
				CLANG_CXX_LANGUAGE_STANDARD = "gnu++0x";
				CLANG_CXX_LIBRARY = "libc++";
				CLANG_ENABLE_MODULES = YES;
				CLANG_ENABLE_OBJC_ARC = YES;
				CLANG_WARN_BOOL_CONVERSION = YES;
				CLANG_WARN_CONSTANT_CONVERSION = YES;
				CLANG_WARN_DIRECT_OBJC_ISA_USAGE = YES_ERROR;
				CLANG_WARN_DOCUMENTATION_COMMENTS = YES;
				CLANG_WARN_EMPTY_BODY = YES;
				CLANG_WARN_ENUM_CONVERSION = YES;
				CLANG_WARN_INFINITE_RECURSION = YES;
				CLANG_WARN_INT_CONVERSION = YES;
				CLANG_WARN_OBJC_ROOT_CLASS = YES_ERROR;
				CLANG_WARN_SUSPICIOUS_MOVE = YES;
				CLANG_WARN_UNREACHABLE_CODE = YES;
				CLANG_WARN__DUPLICATE_METHOD_MATCH = YES;
				"CODE_SIGN_IDENTITY[sdk=iphoneos*]" = "iPhone Developer";
				COPY_PHASE_STRIP = NO;
				DEBUG_INFORMATION_FORMAT = dwarf;
				ENABLE_STRICT_OBJC_MSGSEND = YES;
				ENABLE_TESTABILITY = YES;
				GCC_C_LANGUAGE_STANDARD = gnu99;
				GCC_DYNAMIC_NO_PIC = NO;
				GCC_NO_COMMON_BLOCKS = YES;
				GCC_OPTIMIZATION_LEVEL = 0;
				GCC_PREPROCESSOR_DEFINITIONS = (
					"DEBUG=1",
					"$(inherited)",
				);
				GCC_WARN_64_TO_32_BIT_CONVERSION = YES;
				GCC_WARN_ABOUT_RETURN_TYPE = YES_ERROR;
				GCC_WARN_UNDECLARED_SELECTOR = YES;
				GCC_WARN_UNINITIALIZED_AUTOS = YES_AGGRESSIVE;
				GCC_WARN_UNUSED_FUNCTION = YES;
				GCC_WARN_UNUSED_VARIABLE = YES;
				IPHONEOS_DEPLOYMENT_TARGET = 10.2;
				MTL_ENABLE_DEBUG_INFO = YES;
				ONLY_ACTIVE_ARCH = YES;
				SDKROOT = iphoneos;
				TARGETED_DEVICE_FAMILY = "1,2";
			};
			name = Debug;
		};
		976448011E724A2C000A0ACD /* Release */ = {
			isa = XCBuildConfiguration;
			buildSettings = {
				ALWAYS_SEARCH_USER_PATHS = NO;
				CLANG_ANALYZER_NONNULL = YES;
				CLANG_CXX_LANGUAGE_STANDARD = "gnu++0x";
				CLANG_CXX_LIBRARY = "libc++";
				CLANG_ENABLE_MODULES = YES;
				CLANG_ENABLE_OBJC_ARC = YES;
				CLANG_WARN_BOOL_CONVERSION = YES;
				CLANG_WARN_CONSTANT_CONVERSION = YES;
				CLANG_WARN_DIRECT_OBJC_ISA_USAGE = YES_ERROR;
				CLANG_WARN_DOCUMENTATION_COMMENTS = YES;
				CLANG_WARN_EMPTY_BODY = YES;
				CLANG_WARN_ENUM_CONVERSION = YES;
				CLANG_WARN_INFINITE_RECURSION = YES;
				CLANG_WARN_INT_CONVERSION = YES;
				CLANG_WARN_OBJC_ROOT_CLASS = YES_ERROR;
				CLANG_WARN_SUSPICIOUS_MOVE = YES;
				CLANG_WARN_UNREACHABLE_CODE = YES;
				CLANG_WARN__DUPLICATE_METHOD_MATCH = YES;
				"CODE_SIGN_IDENTITY[sdk=iphoneos*]" = "iPhone Developer";
				COPY_PHASE_STRIP = NO;
				DEBUG_INFORMATION_FORMAT = "dwarf-with-dsym";
				ENABLE_NS_ASSERTIONS = NO;
				ENABLE_STRICT_OBJC_MSGSEND = YES;
				GCC_C_LANGUAGE_STANDARD = gnu99;
				GCC_NO_COMMON_BLOCKS = YES;
				GCC_WARN_64_TO_32_BIT_CONVERSION = YES;
				GCC_WARN_ABOUT_RETURN_TYPE = YES_ERROR;
				GCC_WARN_UNDECLARED_SELECTOR = YES;
				GCC_WARN_UNINITIALIZED_AUTOS = YES_AGGRESSIVE;
				GCC_WARN_UNUSED_FUNCTION = YES;
				GCC_WARN_UNUSED_VARIABLE = YES;
				IPHONEOS_DEPLOYMENT_TARGET = 10.2;
				MTL_ENABLE_DEBUG_INFO = NO;
				SDKROOT = iphoneos;
				TARGETED_DEVICE_FAMILY = "1,2";
				VALIDATE_PRODUCT = YES;
			};
			name = Release;
		};
		976448031E724A2C000A0ACD /* Debug */ = {
			isa = XCBuildConfiguration;
			buildSettings = {
				ASSETCATALOG_COMPILER_APPICON_NAME = AppIcon;
				DEVELOPMENT_TEAM = 64X573A3QQ;
				INFOPLIST_FILE = xcodeServer/Info.plist;
				LD_RUNPATH_SEARCH_PATHS = "$(inherited) @executable_path/Frameworks";
				PRODUCT_BUNDLE_IDENTIFIER = yuan.xcodeServer;
				PRODUCT_NAME = "$(TARGET_NAME)";
			};
			name = Debug;
		};
		976448041E724A2C000A0ACD /* Release */ = {
			isa = XCBuildConfiguration;
			buildSettings = {
				ASSETCATALOG_COMPILER_APPICON_NAME = AppIcon;
				DEVELOPMENT_TEAM = 64X573A3QQ;
				INFOPLIST_FILE = xcodeServer/Info.plist;
				LD_RUNPATH_SEARCH_PATHS = "$(inherited) @executable_path/Frameworks";
				PRODUCT_BUNDLE_IDENTIFIER = yuan.xcodeServer;
				PRODUCT_NAME = "$(TARGET_NAME)";
			};
			name = Release;
		};
		976448061E724A2C000A0ACD /* Debug */ = {
			isa = XCBuildConfiguration;
			buildSettings = {
				BUNDLE_LOADER = "$(TEST_HOST)";
				DEVELOPMENT_TEAM = 64X573A3QQ;
				INFOPLIST_FILE = xcodeServerTests/Info.plist;
				LD_RUNPATH_SEARCH_PATHS = "$(inherited) @executable_path/Frameworks @loader_path/Frameworks";
				PRODUCT_BUNDLE_IDENTIFIER = yuan.xcodeServerTests;
				PRODUCT_NAME = "$(TARGET_NAME)";
				TEST_HOST = "$(BUILT_PRODUCTS_DIR)/xcodeServer.app/xcodeServer";
			};
			name = Debug;
		};
		976448071E724A2C000A0ACD /* Release */ = {
			isa = XCBuildConfiguration;
			buildSettings = {
				BUNDLE_LOADER = "$(TEST_HOST)";
				DEVELOPMENT_TEAM = 64X573A3QQ;
				INFOPLIST_FILE = xcodeServerTests/Info.plist;
				LD_RUNPATH_SEARCH_PATHS = "$(inherited) @executable_path/Frameworks @loader_path/Frameworks";
				PRODUCT_BUNDLE_IDENTIFIER = yuan.xcodeServerTests;
				PRODUCT_NAME = "$(TARGET_NAME)";
				TEST_HOST = "$(BUILT_PRODUCTS_DIR)/xcodeServer.app/xcodeServer";
			};
			name = Release;
		};
		976448091E724A2C000A0ACD /* Debug */ = {
			isa = XCBuildConfiguration;
			buildSettings = {
				DEVELOPMENT_TEAM = 64X573A3QQ;
				INFOPLIST_FILE = xcodeServerUITests/Info.plist;
				LD_RUNPATH_SEARCH_PATHS = "$(inherited) @executable_path/Frameworks @loader_path/Frameworks";
				PRODUCT_BUNDLE_IDENTIFIER = yuan.xcodeServerUITests;
				PRODUCT_NAME = "$(TARGET_NAME)";
				TEST_TARGET_NAME = xcodeServer;
			};
			name = Debug;
		};
		9764480A1E724A2C000A0ACD /* Release */ = {
			isa = XCBuildConfiguration;
			buildSettings = {
				DEVELOPMENT_TEAM = 64X573A3QQ;
				INFOPLIST_FILE = xcodeServerUITests/Info.plist;
				LD_RUNPATH_SEARCH_PATHS = "$(inherited) @executable_path/Frameworks @loader_path/Frameworks";
				PRODUCT_BUNDLE_IDENTIFIER = yuan.xcodeServerUITests;
				PRODUCT_NAME = "$(TARGET_NAME)";
				TEST_TARGET_NAME = xcodeServer;
			};
			name = Release;
		};
/* End XCBuildConfiguration section */

/* Begin XCConfigurationList section */
		976447D01E724A2C000A0ACD /* Build configuration list for PBXProject "xcodeServer" */ = {
			isa = XCConfigurationList;
			buildConfigurations = (
				976448001E724A2C000A0ACD /* Debug */,
				976448011E724A2C000A0ACD /* Release */,
			);
			defaultConfigurationIsVisible = 0;
			defaultConfigurationName = Release;
		};
		976448021E724A2C000A0ACD /* Build configuration list for PBXNativeTarget "xcodeServer" */ = {
			isa = XCConfigurationList;
			buildConfigurations = (
				976448031E724A2C000A0ACD /* Debug */,
				976448041E724A2C000A0ACD /* Release */,
			);
			defaultConfigurationIsVisible = 0;
		};
		976448051E724A2C000A0ACD /* Build configuration list for PBXNativeTarget "xcodeServerTests" */ = {
			isa = XCConfigurationList;
			buildConfigurations = (
				976448061E724A2C000A0ACD /* Debug */,
				976448071E724A2C000A0ACD /* Release */,
			);
			defaultConfigurationIsVisible = 0;
		};
		976448081E724A2C000A0ACD /* Build configuration list for PBXNativeTarget "xcodeServerUITests" */ = {
			isa = XCConfigurationList;
			buildConfigurations = (
				976448091E724A2C000A0ACD /* Debug */,
				9764480A1E724A2C000A0ACD /* Release */,
			);
			defaultConfigurationIsVisible = 0;
		};
/* End XCConfigurationList section */
	};
	rootObject = 976447CD1E724A2C000A0ACD /* Project object */;
}
